
Microsoft Visual Studio Solution File, Format Version 12.00
# Visual Studio Version 16
VisualStudioVersion = 16.0.29102.190
MinimumVisualStudioVersion = 10.0.40219.1
Project("{FAE04EC0-301F-11D3-BF4B-00C04F79EFBC}") = "Segfy.API", "Segfy.API.csproj", "{CAEDA778-1B4A-4AA9-A43C-3795ED7FED30}"
EndProject
Project("{FAE04EC0-301F-11D3-BF4B-00C04F79EFBC}") = "Segfy.Domain", "..\Segfy.Domain\Segfy.Domain.csproj", "{2C0F2962-236B-4E30-910B-9B8DC6DFE166}"
EndProject
Project("{FAE04EC0-301F-11D3-BF4B-00C04F79EFBC}") = "Segfy.Services", "..\Segfy.Services\Segfy.Services.csproj", "{3331BCC6-431C-41D7-8F03-1826F7122EF6}"
EndProject
Global
	GlobalSection(SolutionConfigurationPlatforms) = preSolution
		Debug|Any CPU = Debug|Any CPU
		Release|Any CPU = Release|Any CPU
	EndGlobalSection
	GlobalSection(ProjectConfigurationPlatforms) = postSolution
		{CAEDA778-1B4A-4AA9-A43C-3795ED7FED30}.Debug|Any CPU.ActiveCfg = Debug|Any CPU
		{CAEDA778-1B4A-4AA9-A43C-3795ED7FED30}.Debug|Any CPU.Build.0 = Debug|Any CPU
		{CAEDA778-1B4A-4AA9-A43C-3795ED7FED30}.Release|Any CPU.ActiveCfg = Release|Any CPU
		{CAEDA778-1B4A-4AA9-A43C-3795ED7FED30}.Release|Any CPU.Build.0 = Release|Any CPU
		{2C0F2962-236B-4E30-910B-9B8DC6DFE166}.Debug|Any CPU.ActiveCfg = Debug|Any CPU
		{2C0F2962-236B-4E30-910B-9B8DC6DFE166}.Debug|Any CPU.Build.0 = Debug|Any CPU
		{2C0F2962-236B-4E30-910B-9B8DC6DFE166}.Release|Any CPU.ActiveCfg = Release|Any CPU
		{2C0F2962-236B-4E30-910B-9B8DC6DFE166}.Release|Any CPU.Build.0 = Release|Any CPU
		{3331BCC6-431C-41D7-8F03-1826F7122EF6}.Debug|Any CPU.ActiveCfg = Debug|Any CPU
		{3331BCC6-431C-41D7-8F03-1826F7122EF6}.Debug|Any CPU.Build.0 = Debug|Any CPU
		{3331BCC6-431C-41D7-8F03-1826F7122EF6}.Release|Any CPU.ActiveCfg = Release|Any CPU
		{3331BCC6-431C-41D7-8F03-1826F7122EF6}.Release|Any CPU.Build.0 = Release|Any CPU
	EndGlobalSection
	GlobalSection(SolutionProperties) = preSolution
		HideSolutionNode = FALSE
	EndGlobalSection
	GlobalSection(ExtensibilityGlobals) = postSolution
		SolutionGuid = {1C7F7148-76A4-40E4-9FF1-7D9E3E93EC75}
	EndGlobalSection
EndGlobal
